
Microsoft Visual Studio Solution File, Format Version 12.00
# Visual Studio 2013
VisualStudioVersion = 12.0.31101.0
MinimumVisualStudioVersion = 10.0.40219.1
Project("{FAE04EC0-301F-11D3-BF4B-00C04F79EFBC}") = "Innovation", "InnovationSolution\Innovation.csproj", "{23EC80C1-B330-436B-A6F0-DDD0E0D82D1E}"
EndProject
Project("{FAE04EC0-301F-11D3-BF4B-00C04F79EFBC}") = "CardImporter", "..\CardImporter\CardImporter.csproj", "{6F119838-6AB3-4001-AE64-5644929B468C}"
EndProject
Project("{FAE04EC0-301F-11D3-BF4B-00C04F79EFBC}") = "InnovationTests", "..\CardImporterTest\InnovationTests.csproj", "{17C0093A-E73C-4A92-A3EA-160C1EC60410}"
EndProject
Project("{FAE04EC0-301F-11D3-BF4B-00C04F79EFBC}") = "Actions", "Demands\Actions.csproj", "{8DEF3531-E0FF-4261-B137-825F39880CE0}"
EndProject
Global
	GlobalSection(SolutionConfigurationPlatforms) = preSolution
		Debug|Any CPU = Debug|Any CPU
		Debug|Mixed Platforms = Debug|Mixed Platforms
		Debug|x86 = Debug|x86
		Release|Any CPU = Release|Any CPU
		Release|Mixed Platforms = Release|Mixed Platforms
		Release|x86 = Release|x86
	EndGlobalSection
	GlobalSection(ProjectConfigurationPlatforms) = postSolution
		{23EC80C1-B330-436B-A6F0-DDD0E0D82D1E}.Debug|Any CPU.ActiveCfg = Debug|Any CPU
		{23EC80C1-B330-436B-A6F0-DDD0E0D82D1E}.Debug|Any CPU.Build.0 = Debug|Any CPU
		{23EC80C1-B330-436B-A6F0-DDD0E0D82D1E}.Debug|Mixed Platforms.ActiveCfg = Debug|Any CPU
		{23EC80C1-B330-436B-A6F0-DDD0E0D82D1E}.Debug|Mixed Platforms.Build.0 = Debug|Any CPU
		{23EC80C1-B330-436B-A6F0-DDD0E0D82D1E}.Debug|x86.ActiveCfg = Debug|Any CPU
		{23EC80C1-B330-436B-A6F0-DDD0E0D82D1E}.Release|Any CPU.ActiveCfg = Release|Any CPU
		{23EC80C1-B330-436B-A6F0-DDD0E0D82D1E}.Release|Any CPU.Build.0 = Release|Any CPU
		{23EC80C1-B330-436B-A6F0-DDD0E0D82D1E}.Release|Mixed Platforms.ActiveCfg = Release|Any CPU
		{23EC80C1-B330-436B-A6F0-DDD0E0D82D1E}.Release|Mixed Platforms.Build.0 = Release|Any CPU
		{23EC80C1-B330-436B-A6F0-DDD0E0D82D1E}.Release|x86.ActiveCfg = Release|Any CPU
		{6F119838-6AB3-4001-AE64-5644929B468C}.Debug|Any CPU.ActiveCfg = Debug|Any CPU
		{6F119838-6AB3-4001-AE64-5644929B468C}.Debug|Any CPU.Build.0 = Debug|Any CPU
		{6F119838-6AB3-4001-AE64-5644929B468C}.Debug|Mixed Platforms.ActiveCfg = Debug|Any CPU
		{6F119838-6AB3-4001-AE64-5644929B468C}.Debug|Mixed Platforms.Build.0 = Debug|Any CPU
		{6F119838-6AB3-4001-AE64-5644929B468C}.Debug|x86.ActiveCfg = Debug|Any CPU
		{6F119838-6AB3-4001-AE64-5644929B468C}.Release|Any CPU.ActiveCfg = Release|Any CPU
		{6F119838-6AB3-4001-AE64-5644929B468C}.Release|Any CPU.Build.0 = Release|Any CPU
		{6F119838-6AB3-4001-AE64-5644929B468C}.Release|Mixed Platforms.ActiveCfg = Release|Any CPU
		{6F119838-6AB3-4001-AE64-5644929B468C}.Release|Mixed Platforms.Build.0 = Release|Any CPU
		{6F119838-6AB3-4001-AE64-5644929B468C}.Release|x86.ActiveCfg = Release|Any CPU
		{17C0093A-E73C-4A92-A3EA-160C1EC60410}.Debug|Any CPU.ActiveCfg = Debug|Any CPU
		{17C0093A-E73C-4A92-A3EA-160C1EC60410}.Debug|Any CPU.Build.0 = Debug|Any CPU
		{17C0093A-E73C-4A92-A3EA-160C1EC60410}.Debug|Mixed Platforms.ActiveCfg = Debug|Any CPU
		{17C0093A-E73C-4A92-A3EA-160C1EC60410}.Debug|Mixed Platforms.Build.0 = Debug|Any CPU
		{17C0093A-E73C-4A92-A3EA-160C1EC60410}.Debug|x86.ActiveCfg = Debug|Any CPU
		{17C0093A-E73C-4A92-A3EA-160C1EC60410}.Release|Any CPU.ActiveCfg = Release|Any CPU
		{17C0093A-E73C-4A92-A3EA-160C1EC60410}.Release|Any CPU.Build.0 = Release|Any CPU
		{17C0093A-E73C-4A92-A3EA-160C1EC60410}.Release|Mixed Platforms.ActiveCfg = Release|Any CPU
		{17C0093A-E73C-4A92-A3EA-160C1EC60410}.Release|Mixed Platforms.Build.0 = Release|Any CPU
		{17C0093A-E73C-4A92-A3EA-160C1EC60410}.Release|x86.ActiveCfg = Release|Any CPU
		{8DEF3531-E0FF-4261-B137-825F39880CE0}.Debug|Any CPU.ActiveCfg = Debug|Any CPU
		{8DEF3531-E0FF-4261-B137-825F39880CE0}.Debug|Any CPU.Build.0 = Debug|Any CPU
		{8DEF3531-E0FF-4261-B137-825F39880CE0}.Debug|Mixed Platforms.ActiveCfg = Debug|Any CPU
		{8DEF3531-E0FF-4261-B137-825F39880CE0}.Debug|Mixed Platforms.Build.0 = Debug|Any CPU
		{8DEF3531-E0FF-4261-B137-825F39880CE0}.Debug|x86.ActiveCfg = Debug|Any CPU
		{8DEF3531-E0FF-4261-B137-825F39880CE0}.Release|Any CPU.ActiveCfg = Release|Any CPU
		{8DEF3531-E0FF-4261-B137-825F39880CE0}.Release|Any CPU.Build.0 = Release|Any CPU
		{8DEF3531-E0FF-4261-B137-825F39880CE0}.Release|Mixed Platforms.ActiveCfg = Release|Any CPU
		{8DEF3531-E0FF-4261-B137-825F39880CE0}.Release|Mixed Platforms.Build.0 = Release|Any CPU
		{8DEF3531-E0FF-4261-B137-825F39880CE0}.Release|x86.ActiveCfg = Release|Any CPU
	EndGlobalSection
	GlobalSection(SolutionProperties) = preSolution
		HideSolutionNode = FALSE
	EndGlobalSection
EndGlobal
